
Microsoft Visual Studio Solution File, Format Version 12.00
# Visual Studio Version 17
VisualStudioVersion = 17.5.33502.453
MinimumVisualStudioVersion = 10.0.40219.1
Project("{FAE04EC0-301F-11D3-BF4B-00C04F79EFBC}") = "RegularExpressionRegax", "RegularExpressionRegax\RegularExpressionRegax.csproj", "{0D29F4BC-FDD3-4543-8B87-57015BFCD011}"
EndProject
Global
	GlobalSection(SolutionConfigurationPlatforms) = preSolution
		Debug|Any CPU = Debug|Any CPU
		Release|Any CPU = Release|Any CPU
	EndGlobalSection
	GlobalSection(ProjectConfigurationPlatforms) = postSolution
		{0D29F4BC-FDD3-4543-8B87-57015BFCD011}.Debug|Any CPU.ActiveCfg = Debug|Any CPU
		{0D29F4BC-FDD3-4543-8B87-57015BFCD011}.Debug|Any CPU.Build.0 = Debug|Any CPU
		{0D29F4BC-FDD3-4543-8B87-57015BFCD011}.Release|Any CPU.ActiveCfg = Release|Any CPU
		{0D29F4BC-FDD3-4543-8B87-57015BFCD011}.Release|Any CPU.Build.0 = Release|Any CPU
	EndGlobalSection
	GlobalSection(SolutionProperties) = preSolution
		HideSolutionNode = FALSE
	EndGlobalSection
	GlobalSection(ExtensibilityGlobals) = postSolution
		SolutionGuid = {1C2C248C-CE1C-4B76-ADA4-5E301B2282E7}
	EndGlobalSection
EndGlobal
